{
  "name": "react-svg-bubble-slider",
  "version": "0.0.4",
  "lockfileVersion": 1,
  "requires": true,
  "dependencies": {
    "gsap": {
      "version": "file:gsap-bonus.tgz",
      "integrity": "sha512-2qHyay7Cn6ZrJnP60xdDQAtsDuKc2aHljJKjGOL9mtLFxIibZ8JaSPE3kFS07HcwGPFzurCLcZbp/SzPK6UDFQ=="
    }
  }
}
